{
  "name": "PixelDownloader",
  "version": "v0.3.0",
  "lockfileVersion": 1,
  "requires": true,
  "dependencies": {
    "html-entities": {
      "version": "1.2.1",
      "resolved": "https://registry.npmjs.org/html-entities/-/html-entities-1.2.1.tgz",
      "integrity": "sha1-DfKTUfByEWNRXfueVUPl9u7VFi8="
    },
    "ip-regex": {
      "version": "1.0.3",
      "resolved": "https://registry.npmjs.org/ip-regex/-/ip-regex-1.0.3.tgz",
      "integrity": "sha1-3FiQdvZZ9BnCIgOaMzFvHHOH7/0="
    },
    "is-playlist": {
      "version": "1.0.0",
      "resolved": "https://registry.npmjs.org/is-playlist/-/is-playlist-1.0.0.tgz",
      "integrity": "sha512-9vi6en2SsmOI91+rbCQ02VX0guRni8x52g5K467mtiHajOB23jfykk6g3XsyArWM5iWCu7JXMPZK21tUrJYKHw==",
      "requires": {
        "is-url-superb": "2.0.0",
        "js-video-url-parser": "0.2.7"
      }
    },
    "is-url-superb": {
      "version": "2.0.0",
      "resolved": "https://registry.npmjs.org/is-url-superb/-/is-url-superb-2.0.0.tgz",
      "integrity": "sha1-tyihjPaS5NFtprlMdAioEdsNBJI=",
      "requires": {
        "url-regex": "3.2.0"
      }
    },
    "js-video-url-parser": {
      "version": "0.2.7",
      "resolved": "https://registry.npmjs.org/js-video-url-parser/-/js-video-url-parser-0.2.7.tgz",
      "integrity": "sha512-pM6Et0CaThdgDxyXzn+d9IBMbJzryh+ta4nYzNggbehV7/4do8cAdRLtIPH+5cgzIDd1D5azoEzQWolBZ7lbjg=="
    },
    "m3u8stream": {
      "version": "0.4.2",
      "resolved": "https://registry.npmjs.org/m3u8stream/-/m3u8stream-0.4.2.tgz",
      "integrity": "sha512-VZeobA83iQdd2TY12K2DNLuUmE1XNjN660SYU9s6A4kP7ZhFEp/bQPUpOWU2EbkFYwsonyaFT+RxLDr1OhPTRA==",
      "requires": {
        "miniget": "1.5.0",
        "sax": "1.2.4"
      }
    },
    "miniget": {
      "version": "1.5.0",
      "resolved": "https://registry.npmjs.org/miniget/-/miniget-1.5.0.tgz",
      "integrity": "sha512-RbRCj2m8Q/arS1nExuMB8qO4QavCpvfetQR+HVCeHGiFJGOryPn8u0z4WrIx9AAIDYFDVcFhQsRYvSY+UA5HJQ=="
    },
    "sanitize-filename": {
      "version": "1.6.1",
      "resolved": "https://registry.npmjs.org/sanitize-filename/-/sanitize-filename-1.6.1.tgz",
      "integrity": "sha1-YS2hyWRz+gLczaktzVtKsWSmdyo=",
      "requires": {
        "truncate-utf8-bytes": "1.0.2"
      }
    },
    "sax": {
      "version": "1.2.4",
      "resolved": "https://registry.npmjs.org/sax/-/sax-1.2.4.tgz",
      "integrity": "sha512-NqVDv9TpANUjFm0N8uM5GxL36UgKi9/atZw+x7YFnQ8ckwFGKrl4xX4yWtrey3UJm5nP1kUbnYgLopqWNSRhWw=="
    },
    "truncate-utf8-bytes": {
      "version": "1.0.2",
      "resolved": "https://registry.npmjs.org/truncate-utf8-bytes/-/truncate-utf8-bytes-1.0.2.tgz",
      "integrity": "sha1-QFkjkJWS1W94pYGENLC3hInKXys=",
      "requires": {
        "utf8-byte-length": "1.0.4"
      }
    },
    "url-regex": {
      "version": "3.2.0",
      "resolved": "https://registry.npmjs.org/url-regex/-/url-regex-3.2.0.tgz",
      "integrity": "sha1-260eDJ4p4QXdCx8J9oYvf9tIJyQ=",
      "requires": {
        "ip-regex": "1.0.3"
      }
    },
    "utf8-byte-length": {
      "version": "1.0.4",
      "resolved": "https://registry.npmjs.org/utf8-byte-length/-/utf8-byte-length-1.0.4.tgz",
      "integrity": "sha1-9F8VDExm7uloGGUFq5P8u4rWv2E="
    },
    "ytdl-core": {
      "version": "0.26.1",
      "resolved": "https://registry.npmjs.org/ytdl-core/-/ytdl-core-0.26.1.tgz",
      "integrity": "sha512-p6mZQRI704Tl/yZoYB3j1rSJj7sSKSLJ567FUUbRkqNhmAXgASIERjROBzo9eYwrV/ZNbZ0+jSG6kvK3MASf2Q==",
      "requires": {
        "html-entities": "1.2.1",
        "m3u8stream": "0.4.2",
        "miniget": "1.5.0",
        "sax": "1.2.4"
      }
    },
    "ytpl": {
      "version": "0.1.13",
      "resolved": "https://registry.npmjs.org/ytpl/-/ytpl-0.1.13.tgz",
      "integrity": "sha512-TdwalOl97w6KGxK2my/ToOoUKaUa9qyXpa048U5Zqp7nvi6PR44mPWPDqH8+O1xDaz4lI9KUYb9GcPBEJTY+HQ==",
      "requires": {
        "html-entities": "1.2.1"
      }
    }
  }
}
